// !$*UTF8*$!
{
	archiveVersion = 1;
	classes = {
	};
	objectVersion = 50;
	objects = {

/* Begin PBXBuildFile section */
		88127DBB231485AC00E05E43 /* AppDelegate.swift in Sources */ = {isa = PBXBuildFile; fileRef = 88127DBA231485AC00E05E43 /* AppDelegate.swift */; };
		88127DBD231485AC00E05E43 /* ViewController.swift in Sources */ = {isa = PBXBuildFile; fileRef = 88127DBC231485AC00E05E43 /* ViewController.swift */; };
		88127DC0231485AC00E05E43 /* Main.storyboard in Resources */ = {isa = PBXBuildFile; fileRef = 88127DBE231485AC00E05E43 /* Main.storyboard */; };
		88127DC2231485B300E05E43 /* Assets.xcassets in Resources */ = {isa = PBXBuildFile; fileRef = 88127DC1231485B300E05E43 /* Assets.xcassets */; };
		88127DC5231485B300E05E43 /* LaunchScreen.storyboard in Resources */ = {isa = PBXBuildFile; fileRef = 88127DC3231485B300E05E43 /* LaunchScreen.storyboard */; };
		88127DD0231485B300E05E43 /* coreMLTests.swift in Sources */ = {isa = PBXBuildFile; fileRef = 88127DCF231485B300E05E43 /* coreMLTests.swift */; };
		88127DDB231485B300E05E43 /* coreMLUITests.swift in Sources */ = {isa = PBXBuildFile; fileRef = 88127DDA231485B300E05E43 /* coreMLUITests.swift */; };
/* End PBXBuildFile section */

/* Begin PBXContainerItemProxy section */
		88127DCC231485B300E05E43 /* PBXContainerItemProxy */ = {
			isa = PBXContainerItemProxy;
			containerPortal = 88127DAF231485AB00E05E43 /* Project object */;
			proxyType = 1;
			remoteGlobalIDString = 88127DB6231485AC00E05E43;
			remoteInfo = coreML;
		};
		88127DD7231485B300E05E43 /* PBXContainerItemProxy */ = {
			isa = PBXContainerItemProxy;
			containerPortal = 88127DAF231485AB00E05E43 /* Project object */;
			proxyType = 1;
			remoteGlobalIDString = 88127DB6231485AC00E05E43;
			remoteInfo = coreML;
		};
/* End PBXContainerItemProxy section */

/* Begin PBXFileReference section */
		88127DB7231485AC00E05E43 /* coreML.app */ = {isa = PBXFileReference; explicitFileType = wrapper.application; includeInIndex = 0; path = coreML.app; sourceTree = BUILT_PRODUCTS_DIR; };
		88127DBA231485AC00E05E43 /* AppDelegate.swift */ = {isa = PBXFileReference; lastKnownFileType = sourcecode.swift; path = AppDelegate.swift; sourceTree = "<group>"; };
		88127DBC231485AC00E05E43 /* ViewController.swift */ = {isa = PBXFileReference; lastKnownFileType = sourcecode.swift; path = ViewController.swift; sourceTree = "<group>"; };
		88127DBF231485AC00E05E43 /* Base */ = {isa = PBXFileReference; lastKnownFileType = file.storyboard; name = Base; path = Base.lproj/Main.storyboard; sourceTree = "<group>"; };
		88127DC1231485B300E05E43 /* Assets.xcassets */ = {isa = PBXFileReference; lastKnownFileType = folder.assetcatalog; path = Assets.xcassets; sourceTree = "<group>"; };
		88127DC4231485B300E05E43 /* Base */ = {isa = PBXFileReference; lastKnownFileType = file.storyboard; name = Base; path = Base.lproj/LaunchScreen.storyboard; sourceTree = "<group>"; };
		88127DC6231485B300E05E43 /* Info.plist */ = {isa = PBXFileReference; lastKnownFileType = text.plist.xml; path = Info.plist; sourceTree = "<group>"; };
		88127DCB231485B300E05E43 /* coreMLTests.xctest */ = {isa = PBXFileReference; explicitFileType = wrapper.cfbundle; includeInIndex = 0; path = coreMLTests.xctest; sourceTree = BUILT_PRODUCTS_DIR; };
		88127DCF231485B300E05E43 /* coreMLTests.swift */ = {isa = PBXFileReference; lastKnownFileType = sourcecode.swift; path = coreMLTests.swift; sourceTree = "<group>"; };
		88127DD1231485B300E05E43 /* Info.plist */ = {isa = PBXFileReference; lastKnownFileType = text.plist.xml; path = Info.plist; sourceTree = "<group>"; };
		88127DD6231485B300E05E43 /* coreMLUITests.xctest */ = {isa = PBXFileReference; explicitFileType = wrapper.cfbundle; includeInIndex = 0; path = coreMLUITests.xctest; sourceTree = BUILT_PRODUCTS_DIR; };
		88127DDA231485B300E05E43 /* coreMLUITests.swift */ = {isa = PBXFileReference; lastKnownFileType = sourcecode.swift; path = coreMLUITests.swift; sourceTree = "<group>"; };
		88127DDC231485B300E05E43 /* Info.plist */ = {isa = PBXFileReference; lastKnownFileType = text.plist.xml; path = Info.plist; sourceTree = "<group>"; };
/* End PBXFileReference section */

/* Begin PBXFrameworksBuildPhase section */
		88127DB4231485AC00E05E43 /* Frameworks */ = {
			isa = PBXFrameworksBuildPhase;
			buildActionMask = 2147483647;
			files = (
			);
			runOnlyForDeploymentPostprocessing = 0;
		};
		88127DC8231485B300E05E43 /* Frameworks */ = {
			isa = PBXFrameworksBuildPhase;
			buildActionMask = 2147483647;
			files = (
			);
			runOnlyForDeploymentPostprocessing = 0;
		};
		88127DD3231485B300E05E43 /* Frameworks */ = {
			isa = PBXFrameworksBuildPhase;
			buildActionMask = 2147483647;
			files = (
			);
			runOnlyForDeploymentPostprocessing = 0;
		};
/* End PBXFrameworksBuildPhase section */

/* Begin PBXGroup section */
		88127DAE231485AB00E05E43 = {
			isa = PBXGroup;
			children = (
				88127DB9231485AC00E05E43 /* coreML */,
				88127DCE231485B300E05E43 /* coreMLTests */,
				88127DD9231485B300E05E43 /* coreMLUITests */,
				88127DB8231485AC00E05E43 /* Products */,
			);
			sourceTree = "<group>";
		};
		88127DB8231485AC00E05E43 /* Products */ = {
			isa = PBXGroup;
			children = (
				88127DB7231485AC00E05E43 /* coreML.app */,
				88127DCB231485B300E05E43 /* coreMLTests.xctest */,
				88127DD6231485B300E05E43 /* coreMLUITests.xctest */,
			);
			name = Products;
			sourceTree = "<group>";
		};
		88127DB9231485AC00E05E43 /* coreML */ = {
			isa = PBXGroup;
			children = (
				88127DBA231485AC00E05E43 /* AppDelegate.swift */,
				88127DBE231485AC00E05E43 /* Main.storyboard */,
				88127DBC231485AC00E05E43 /* ViewController.swift */,
				88127DC1231485B300E05E43 /* Assets.xcassets */,
				88127DC3231485B300E05E43 /* LaunchScreen.storyboard */,
				88127DC6231485B300E05E43 /* Info.plist */,
			);
			path = coreML;
			sourceTree = "<group>";
		};
		88127DCE231485B300E05E43 /* coreMLTests */ = {
			isa = PBXGroup;
			children = (
				88127DCF231485B300E05E43 /* coreMLTests.swift */,
				88127DD1231485B300E05E43 /* Info.plist */,
			);
			path = coreMLTests;
			sourceTree = "<group>";
		};
		88127DD9231485B300E05E43 /* coreMLUITests */ = {
			isa = PBXGroup;
			children = (
				88127DDA231485B300E05E43 /* coreMLUITests.swift */,
				88127DDC231485B300E05E43 /* Info.plist */,
			);
			path = coreMLUITests;
			sourceTree = "<group>";
		};
/* End PBXGroup section */

/* Begin PBXNativeTarget section */
		88127DB6231485AC00E05E43 /* coreML */ = {
			isa = PBXNativeTarget;
			buildConfigurationList = 88127DDF231485B300E05E43 /* Build configuration list for PBXNativeTarget "coreML" */;
			buildPhases = (
				88127DB3231485AC00E05E43 /* Sources */,
				88127DB4231485AC00E05E43 /* Frameworks */,
				88127DB5231485AC00E05E43 /* Resources */,
			);
			buildRules = (
			);
			dependencies = (
			);
			name = coreML;
			productName = coreML;
			productReference = 88127DB7231485AC00E05E43 /* coreML.app */;
			productType = "com.apple.product-type.application";
		};
		88127DCA231485B300E05E43 /* coreMLTests */ = {
			isa = PBXNativeTarget;
			buildConfigurationList = 88127DE2231485B300E05E43 /* Build configuration list for PBXNativeTarget "coreMLTests" */;
			buildPhases = (
				88127DC7231485B300E05E43 /* Sources */,
				88127DC8231485B300E05E43 /* Frameworks */,
				88127DC9231485B300E05E43 /* Resources */,
			);
			buildRules = (
			);
			dependencies = (
				88127DCD231485B300E05E43 /* PBXTargetDependency */,
			);
			name = coreMLTests;
			productName = coreMLTests;
			productReference = 88127DCB231485B300E05E43 /* coreMLTests.xctest */;
			productType = "com.apple.product-type.bundle.unit-test";
		};
		88127DD5231485B300E05E43 /* coreMLUITests */ = {
			isa = PBXNativeTarget;
			buildConfigurationList = 88127DE5231485B300E05E43 /* Build configuration list for PBXNativeTarget "coreMLUITests" */;
			buildPhases = (
				88127DD2231485B300E05E43 /* Sources */,
				88127DD3231485B300E05E43 /* Frameworks */,
				88127DD4231485B300E05E43 /* Resources */,
			);
			buildRules = (
			);
			dependencies = (
				88127DD8231485B300E05E43 /* PBXTargetDependency */,
			);
			name = coreMLUITests;
			productName = coreMLUITests;
			productReference = 88127DD6231485B300E05E43 /* coreMLUITests.xctest */;
			productType = "com.apple.product-type.bundle.ui-testing";
		};
/* End PBXNativeTarget section */

/* Begin PBXProject section */
		88127DAF231485AB00E05E43 /* Project object */ = {
			isa = PBXProject;
			attributes = {
				LastSwiftUpdateCheck = 0940;
				LastUpgradeCheck = 0940;
				ORGANIZATIONNAME = coreML;
				TargetAttributes = {
					88127DB6231485AC00E05E43 = {
						CreatedOnToolsVersion = 9.4.1;
					};
					88127DCA231485B300E05E43 = {
						CreatedOnToolsVersion = 9.4.1;
						TestTargetID = 88127DB6231485AC00E05E43;
					};
					88127DD5231485B300E05E43 = {
						CreatedOnToolsVersion = 9.4.1;
						TestTargetID = 88127DB6231485AC00E05E43;
					};
				};
			};
			buildConfigurationList = 88127DB2231485AC00E05E43 /* Build configuration list for PBXProject "coreML" */;
			compatibilityVersion = "Xcode 9.3";
			developmentRegion = en;
			hasScannedForEncodings = 0;
			knownRegions = (
				en,
				Base,
			);
			mainGroup = 88127DAE231485AB00E05E43;
			productRefGroup = 88127DB8231485AC00E05E43 /* Products */;
			projectDirPath = "";
			projectRoot = "";
			targets = (
				88127DB6231485AC00E05E43 /* coreML */,
				88127DCA231485B300E05E43 /* coreMLTests */,
				88127DD5231485B300E05E43 /* coreMLUITests */,
			);
		};
/* End PBXProject section */

/* Begin PBXResourcesBuildPhase section */
		88127DB5231485AC00E05E43 /* Resources */ = {
			isa = PBXResourcesBuildPhase;
			buildActionMask = 2147483647;
			files = (
				88127DC5231485B300E05E43 /* LaunchScreen.storyboard in Resources */,
				88127DC2231485B300E05E43 /* Assets.xcassets in Resources */,
				88127DC0231485AC00E05E43 /* Main.storyboard in Resources */,
			);
			runOnlyForDeploymentPostprocessing = 0;
		};
		88127DC9231485B300E05E43 /* Resources */ = {
			isa = PBXResourcesBuildPhase;
			buildActionMask = 2147483647;
			files = (
			);
			runOnlyForDeploymentPostprocessing = 0;
		};
		88127DD4231485B300E05E43 /* Resources */ = {
			isa = PBXResourcesBuildPhase;
			buildActionMask = 2147483647;
			files = (
			);
			runOnlyForDeploymentPostprocessing = 0;
		};
/* End PBXResourcesBuildPhase section */

/* Begin PBXSourcesBuildPhase section */
		88127DB3231485AC00E05E43 /* Sources */ = {
			isa = PBXSourcesBuildPhase;
			buildActionMask = 2147483647;
			files = (
				88127DBD231485AC00E05E43 /* ViewController.swift in Sources */,
				88127DBB231485AC00E05E43 /* AppDelegate.swift in Sources */,
			);
			runOnlyForDeploymentPostprocessing = 0;
		};
		88127DC7231485B300E05E43 /* Sources */ = {
			isa = PBXSourcesBuildPhase;
			buildActionMask = 2147483647;
			files = (
				88127DD0231485B300E05E43 /* coreMLTests.swift in Sources */,
			);
			runOnlyForDeploymentPostprocessing = 0;
		};
		88127DD2231485B300E05E43 /* Sources */ = {
			isa = PBXSourcesBuildPhase;
			buildActionMask = 2147483647;
			files = (
				88127DDB231485B300E05E43 /* coreMLUITests.swift in Sources */,
			);
			runOnlyForDeploymentPostprocessing = 0;
		};
/* End PBXSourcesBuildPhase section */

/* Begin PBXTargetDependency section */
		88127DCD231485B300E05E43 /* PBXTargetDependency */ = {
			isa = PBXTargetDependency;
			target = 88127DB6231485AC00E05E43 /* coreML */;
			targetProxy = 88127DCC231485B300E05E43 /* PBXContainerItemProxy */;
		};
		88127DD8231485B300E05E43 /* PBXTargetDependency */ = {
			isa = PBXTargetDependency;
			target = 88127DB6231485AC00E05E43 /* coreML */;
			targetProxy = 88127DD7231485B300E05E43 /* PBXContainerItemProxy */;
		};
/* End PBXTargetDependency section */

/* Begin PBXVariantGroup section */
		88127DBE231485AC00E05E43 /* Main.storyboard */ = {
			isa = PBXVariantGroup;
			children = (
				88127DBF231485AC00E05E43 /* Base */,
			);
			name = Main.storyboard;
			sourceTree = "<group>";
		};
		88127DC3231485B300E05E43 /* LaunchScreen.storyboard */ = {
			isa = PBXVariantGroup;
			children = (
				88127DC4231485B300E05E43 /* Base */,
			);
			name = LaunchScreen.storyboard;
			sourceTree = "<group>";
		};
/* End PBXVariantGroup section */

/* Begin XCBuildConfiguration section */
		88127DDD231485B300E05E43 /* Debug */ = {
			isa = XCBuildConfiguration;
			buildSettings = {
				ALWAYS_SEARCH_USER_PATHS = NO;
				CLANG_ANALYZER_NONNULL = YES;
				CLANG_ANALYZER_NUMBER_OBJECT_CONVERSION = YES_AGGRESSIVE;
				CLANG_CXX_LANGUAGE_STANDARD = "gnu++14";
				CLANG_CXX_LIBRARY = "libc++";
				CLANG_ENABLE_MODULES = YES;
				CLANG_ENABLE_OBJC_ARC = YES;
				CLANG_ENABLE_OBJC_WEAK = YES;
				CLANG_WARN_BLOCK_CAPTURE_AUTORELEASING = YES;
				CLANG_WARN_BOOL_CONVERSION = YES;
				CLANG_WARN_COMMA = YES;
				CLANG_WARN_CONSTANT_CONVERSION = YES;
				CLANG_WARN_DEPRECATED_OBJC_IMPLEMENTATIONS = YES;
				CLANG_WARN_DIRECT_OBJC_ISA_USAGE = YES_ERROR;
				CLANG_WARN_DOCUMENTATION_COMMENTS = YES;
				CLANG_WARN_EMPTY_BODY = YES;
				CLANG_WARN_ENUM_CONVERSION = YES;
				CLANG_WARN_INFINITE_RECURSION = YES;
				CLANG_WARN_INT_CONVERSION = YES;
				CLANG_WARN_NON_LITERAL_NULL_CONVERSION = YES;
				CLANG_WARN_OBJC_IMPLICIT_RETAIN_SELF = YES;
				CLANG_WARN_OBJC_LITERAL_CONVERSION = YES;
				CLANG_WARN_OBJC_ROOT_CLASS = YES_ERROR;
				CLANG_WARN_RANGE_LOOP_ANALYSIS = YES;
				CLANG_WARN_STRICT_PROTOTYPES = YES;
				CLANG_WARN_SUSPICIOUS_MOVE = YES;
				CLANG_WARN_UNGUARDED_AVAILABILITY = YES_AGGRESSIVE;
				CLANG_WARN_UNREACHABLE_CODE = YES;
				CLANG_WARN__DUPLICATE_METHOD_MATCH = YES;
				CODE_SIGN_IDENTITY = "iPhone Developer";
				COPY_PHASE_STRIP = NO;
				DEBUG_INFORMATION_FORMAT = dwarf;
				ENABLE_STRICT_OBJC_MSGSEND = YES;
				ENABLE_TESTABILITY = YES;
				GCC_C_LANGUAGE_STANDARD = gnu11;
				GCC_DYNAMIC_NO_PIC = NO;
				GCC_NO_COMMON_BLOCKS = YES;
				GCC_OPTIMIZATION_LEVEL = 0;
				GCC_PREPROCESSOR_DEFINITIONS = (
					"DEBUG=1",
					"$(inherited)",
				);
				GCC_WARN_64_TO_32_BIT_CONVERSION = YES;
				GCC_WARN_ABOUT_RETURN_TYPE = YES_ERROR;
				GCC_WARN_UNDECLARED_SELECTOR = YES;
				GCC_WARN_UNINITIALIZED_AUTOS = YES_AGGRESSIVE;
				GCC_WARN_UNUSED_FUNCTION = YES;
				GCC_WARN_UNUSED_VARIABLE = YES;
				IPHONEOS_DEPLOYMENT_TARGET = 11.4;
				MTL_ENABLE_DEBUG_INFO = YES;
				ONLY_ACTIVE_ARCH = YES;
				SDKROOT = iphoneos;
				SWIFT_ACTIVE_COMPILATION_CONDITIONS = DEBUG;
				SWIFT_OPTIMIZATION_LEVEL = "-Onone";
			};
			name = Debug;
		};
		88127DDE231485B300E05E43 /* Release */ = {
			isa = XCBuildConfiguration;
			buildSettings = {
				ALWAYS_SEARCH_USER_PATHS = NO;
				CLANG_ANALYZER_NONNULL = YES;
				CLANG_ANALYZER_NUMBER_OBJECT_CONVERSION = YES_AGGRESSIVE;
				CLANG_CXX_LANGUAGE_STANDARD = "gnu++14";
				CLANG_CXX_LIBRARY = "libc++";
				CLANG_ENABLE_MODULES = YES;
				CLANG_ENABLE_OBJC_ARC = YES;
				CLANG_ENABLE_OBJC_WEAK = YES;
				CLANG_WARN_BLOCK_CAPTURE_AUTORELEASING = YES;
				CLANG_WARN_BOOL_CONVERSION = YES;
				CLANG_WARN_COMMA = YES;
				CLANG_WARN_CONSTANT_CONVERSION = YES;
				CLANG_WARN_DEPRECATED_OBJC_IMPLEMENTATIONS = YES;
				CLANG_WARN_DIRECT_OBJC_ISA_USAGE = YES_ERROR;
				CLANG_WARN_DOCUMENTATION_COMMENTS = YES;
				CLANG_WARN_EMPTY_BODY = YES;
				CLANG_WARN_ENUM_CONVERSION = YES;
				CLANG_WARN_INFINITE_RECURSION = YES;
				CLANG_WARN_INT_CONVERSION = YES;
				CLANG_WARN_NON_LITERAL_NULL_CONVERSION = YES;
				CLANG_WARN_OBJC_IMPLICIT_RETAIN_SELF = YES;
				CLANG_WARN_OBJC_LITERAL_CONVERSION = YES;
				CLANG_WARN_OBJC_ROOT_CLASS = YES_ERROR;
				CLANG_WARN_RANGE_LOOP_ANALYSIS = YES;
				CLANG_WARN_STRICT_PROTOTYPES = YES;
				CLANG_WARN_SUSPICIOUS_MOVE = YES;
				CLANG_WARN_UNGUARDED_AVAILABILITY = YES_AGGRESSIVE;
				CLANG_WARN_UNREACHABLE_CODE = YES;
				CLANG_WARN__DUPLICATE_METHOD_MATCH = YES;
				CODE_SIGN_IDENTITY = "iPhone Developer";
				COPY_PHASE_STRIP = NO;
				DEBUG_INFORMATION_FORMAT = "dwarf-with-dsym";
				ENABLE_NS_ASSERTIONS = NO;
				ENABLE_STRICT_OBJC_MSGSEND = YES;
				GCC_C_LANGUAGE_STANDARD = gnu11;
				GCC_NO_COMMON_BLOCKS = YES;
				GCC_WARN_64_TO_32_BIT_CONVERSION = YES;
				GCC_WARN_ABOUT_RETURN_TYPE = YES_ERROR;
				GCC_WARN_UNDECLARED_SELECTOR = YES;
				GCC_WARN_UNINITIALIZED_AUTOS = YES_AGGRESSIVE;
				GCC_WARN_UNUSED_FUNCTION = YES;
				GCC_WARN_UNUSED_VARIABLE = YES;
				IPHONEOS_DEPLOYMENT_TARGET = 11.4;
				MTL_ENABLE_DEBUG_INFO = NO;
				SDKROOT = iphoneos;
				SWIFT_COMPILATION_MODE = wholemodule;
				SWIFT_OPTIMIZATION_LEVEL = "-O";
				VALIDATE_PRODUCT = YES;
			};
			name = Release;
		};
		88127DE0231485B300E05E43 /* Debug */ = {
			isa = XCBuildConfiguration;
			buildSettings = {
				ASSETCATALOG_COMPILER_APPICON_NAME = AppIcon;
				CODE_SIGN_STYLE = Automatic;
				INFOPLIST_FILE = coreML/Info.plist;
				LD_RUNPATH_SEARCH_PATHS = (
					"$(inherited)",
					"@executable_path/Frameworks",
				);
				PRODUCT_BUNDLE_IDENTIFIER = coreML.coreML;
				PRODUCT_NAME = "$(TARGET_NAME)";
				SWIFT_VERSION = 4.0;
				TARGETED_DEVICE_FAMILY = "1,2";
			};
			name = Debug;
		};
		88127DE1231485B300E05E43 /* Release */ = {
			isa = XCBuildConfiguration;
			buildSettings = {
				ASSETCATALOG_COMPILER_APPICON_NAME = AppIcon;
				CODE_SIGN_STYLE = Automatic;
				INFOPLIST_FILE = coreML/Info.plist;
				LD_RUNPATH_SEARCH_PATHS = (
					"$(inherited)",
					"@executable_path/Frameworks",
				);
				PRODUCT_BUNDLE_IDENTIFIER = coreML.coreML;
				PRODUCT_NAME = "$(TARGET_NAME)";
				SWIFT_VERSION = 4.0;
				TARGETED_DEVICE_FAMILY = "1,2";
			};
			name = Release;
		};
		88127DE3231485B300E05E43 /* Debug */ = {
			isa = XCBuildConfiguration;
			buildSettings = {
				ALWAYS_EMBED_SWIFT_STANDARD_LIBRARIES = YES;
				BUNDLE_LOADER = "$(TEST_HOST)";
				CODE_SIGN_STYLE = Automatic;
				INFOPLIST_FILE = coreMLTests/Info.plist;
				LD_RUNPATH_SEARCH_PATHS = (
					"$(inherited)",
					"@executable_path/Frameworks",
					"@loader_path/Frameworks",
				);
				PRODUCT_BUNDLE_IDENTIFIER = coreML.coreMLTests;
				PRODUCT_NAME = "$(TARGET_NAME)";
				SWIFT_VERSION = 4.0;
				TARGETED_DEVICE_FAMILY = "1,2";
				TEST_HOST = "$(BUILT_PRODUCTS_DIR)/coreML.app/coreML";
			};
			name = Debug;
		};
		88127DE4231485B300E05E43 /* Release */ = {
			isa = XCBuildConfiguration;
			buildSettings = {
				ALWAYS_EMBED_SWIFT_STANDARD_LIBRARIES = YES;
				BUNDLE_LOADER = "$(TEST_HOST)";
				CODE_SIGN_STYLE = Automatic;
				INFOPLIST_FILE = coreMLTests/Info.plist;
				LD_RUNPATH_SEARCH_PATHS = (
					"$(inherited)",
					"@executable_path/Frameworks",
					"@loader_path/Frameworks",
				);
				PRODUCT_BUNDLE_IDENTIFIER = coreML.coreMLTests;
				PRODUCT_NAME = "$(TARGET_NAME)";
				SWIFT_VERSION = 4.0;
				TARGETED_DEVICE_FAMILY = "1,2";
				TEST_HOST = "$(BUILT_PRODUCTS_DIR)/coreML.app/coreML";
			};
			name = Release;
		};
		88127DE6231485B300E05E43 /* Debug */ = {
			isa = XCBuildConfiguration;
			buildSettings = {
				ALWAYS_EMBED_SWIFT_STANDARD_LIBRARIES = YES;
				CODE_SIGN_STYLE = Automatic;
				INFOPLIST_FILE = coreMLUITests/Info.plist;
				LD_RUNPATH_SEARCH_PATHS = (
					"$(inherited)",
					"@executable_path/Frameworks",
					"@loader_path/Frameworks",
				);
				PRODUCT_BUNDLE_IDENTIFIER = coreML.coreMLUITests;
				PRODUCT_NAME = "$(TARGET_NAME)";
				SWIFT_VERSION = 4.0;
				TARGETED_DEVICE_FAMILY = "1,2";
				TEST_TARGET_NAME = coreML;
			};
			name = Debug;
		};
		88127DE7231485B300E05E43 /* Release */ = {
			isa = XCBuildConfiguration;
			buildSettings = {
				ALWAYS_EMBED_SWIFT_STANDARD_LIBRARIES = YES;
				CODE_SIGN_STYLE = Automatic;
				INFOPLIST_FILE = coreMLUITests/Info.plist;
				LD_RUNPATH_SEARCH_PATHS = (
					"$(inherited)",
					"@executable_path/Frameworks",
					"@loader_path/Frameworks",
				);
				PRODUCT_BUNDLE_IDENTIFIER = coreML.coreMLUITests;
				PRODUCT_NAME = "$(TARGET_NAME)";
				SWIFT_VERSION = 4.0;
				TARGETED_DEVICE_FAMILY = "1,2";
				TEST_TARGET_NAME = coreML;
			};
			name = Release;
		};
/* End XCBuildConfiguration section */

/* Begin XCConfigurationList section */
		88127DB2231485AC00E05E43 /* Build configuration list for PBXProject "coreML" */ = {
			isa = XCConfigurationList;
			buildConfigurations = (
				88127DDD231485B300E05E43 /* Debug */,
				88127DDE231485B300E05E43 /* Release */,
			);
			defaultConfigurationIsVisible = 0;
			defaultConfigurationName = Release;
		};
		88127DDF231485B300E05E43 /* Build configuration list for PBXNativeTarget "coreML" */ = {
			isa = XCConfigurationList;
			buildConfigurations = (
				88127DE0231485B300E05E43 /* Debug */,
				88127DE1231485B300E05E43 /* Release */,
			);
			defaultConfigurationIsVisible = 0;
			defaultConfigurationName = Release;
		};
		88127DE2231485B300E05E43 /* Build configuration list for PBXNativeTarget "coreMLTests" */ = {
			isa = XCConfigurationList;
			buildConfigurations = (
				88127DE3231485B300E05E43 /* Debug */,
				88127DE4231485B300E05E43 /* Release */,
			);
			defaultConfigurationIsVisible = 0;
			defaultConfigurationName = Release;
		};
		88127DE5231485B300E05E43 /* Build configuration list for PBXNativeTarget "coreMLUITests" */ = {
			isa = XCConfigurationList;
			buildConfigurations = (
				88127DE6231485B300E05E43 /* Debug */,
				88127DE7231485B300E05E43 /* Release */,
			);
			defaultConfigurationIsVisible = 0;
			defaultConfigurationName = Release;
		};
/* End XCConfigurationList section */
	};
	rootObject = 88127DAF231485AB00E05E43 /* Project object */;
}
